
Microsoft Visual Studio Solution File, Format Version 12.00
# Visual Studio Version 17
VisualStudioVersion = 17.11.35312.102
MinimumVisualStudioVersion = 10.0.40219.1
Project("{9A19103F-16F7-4668-BE54-9A1E7A4F7556}") = "activities", "activities.csproj", "{143C8D54-E656-46BA-86CD-6FDCAAD3A8F9}"
EndProject
Project("{9A19103F-16F7-4668-BE54-9A1E7A4F7556}") = "LibreriaEjercicios", "..\LibreriaEjercicios\LibreriaEjercicios.csproj", "{9C1F9A9C-AF82-4602-A4C3-4CEF6A39AC7D}"
EndProject
Project("{FAE04EC0-301F-11D3-BF4B-00C04F79EFBC}") = "Testeo1", "..\Testeo1\Testeo1.csproj", "{86EA5FFD-3EC8-461A-9787-3371D54ECF68}"
EndProject
Global
	GlobalSection(SolutionConfigurationPlatforms) = preSolution
		Debug|Any CPU = Debug|Any CPU
		Release|Any CPU = Release|Any CPU
	EndGlobalSection
	GlobalSection(ProjectConfigurationPlatforms) = postSolution
		{143C8D54-E656-46BA-86CD-6FDCAAD3A8F9}.Debug|Any CPU.ActiveCfg = Debug|Any CPU
		{143C8D54-E656-46BA-86CD-6FDCAAD3A8F9}.Debug|Any CPU.Build.0 = Debug|Any CPU
		{143C8D54-E656-46BA-86CD-6FDCAAD3A8F9}.Release|Any CPU.ActiveCfg = Release|Any CPU
		{143C8D54-E656-46BA-86CD-6FDCAAD3A8F9}.Release|Any CPU.Build.0 = Release|Any CPU
		{9C1F9A9C-AF82-4602-A4C3-4CEF6A39AC7D}.Debug|Any CPU.ActiveCfg = Debug|Any CPU
		{9C1F9A9C-AF82-4602-A4C3-4CEF6A39AC7D}.Debug|Any CPU.Build.0 = Debug|Any CPU
		{9C1F9A9C-AF82-4602-A4C3-4CEF6A39AC7D}.Release|Any CPU.ActiveCfg = Release|Any CPU
		{9C1F9A9C-AF82-4602-A4C3-4CEF6A39AC7D}.Release|Any CPU.Build.0 = Release|Any CPU
		{86EA5FFD-3EC8-461A-9787-3371D54ECF68}.Debug|Any CPU.ActiveCfg = Debug|Any CPU
		{86EA5FFD-3EC8-461A-9787-3371D54ECF68}.Debug|Any CPU.Build.0 = Debug|Any CPU
		{86EA5FFD-3EC8-461A-9787-3371D54ECF68}.Release|Any CPU.ActiveCfg = Release|Any CPU
		{86EA5FFD-3EC8-461A-9787-3371D54ECF68}.Release|Any CPU.Build.0 = Release|Any CPU
	EndGlobalSection
	GlobalSection(SolutionProperties) = preSolution
		HideSolutionNode = FALSE
	EndGlobalSection
	GlobalSection(ExtensibilityGlobals) = postSolution
		SolutionGuid = {5A8061C5-375B-4CC6-A804-351814F60E1C}
	EndGlobalSection
EndGlobal
